---
lockfileVersion: 1
lockfileVendor: redhat
arches:
- arch: x86_64
  packages:
  - url: https://cdn-ubi.redhat.com/content/public/ubi/dist/ubi9/9/x86_64/appstream/os/Packages/i/infiniband-diags-54.0-1.el9.x86_64.rpm
    repoid: ubi-9-appstream-rpms
    size: 350069
    checksum: sha256:f8f143480519d6412d36192f771a83779c75e605296d52954ae62e18b70f1711
    name: infiniband-diags
    evr: 54.0-1.el9
    sourcerpm: rdma-core-54.0-1.el9.src.rpm
  - url: https://cdn-ubi.redhat.com/content/public/ubi/dist/ubi9/9/x86_64/appstream/os/Packages/r/rdma-core-devel-54.0-1.el9.x86_64.rpm
    repoid: ubi-9-appstream-rpms
    size: 492466
    checksum: sha256:fac8c9225390ee8e212e887c26f461ea412ddf1c50b8a06b81c737cd4092e484
    name: rdma-core-devel
    evr: 54.0-1.el9
    sourcerpm: rdma-core-54.0-1.el9.src.rpm
  - url: https://cdn-ubi.redhat.com/content/public/ubi/dist/ubi9/9/x86_64/baseos/os/Packages/l/libibumad-54.0-1.el9.x86_64.rpm
    repoid: ubi-9-baseos-rpms
    size: 28618
    checksum: sha256:a174dec96834ebf4cb5072328649f1e833d7df03efa149792a4cd71d59b15985
    name: libibumad
    evr: 54.0-1.el9
    sourcerpm: rdma-core-54.0-1.el9.src.rpm
  - url: https://cdn-ubi.redhat.com/content/public/ubi/dist/ubi9/9/x86_64/baseos/os/Packages/l/libibverbs-54.0-1.el9.x86_64.rpm
    repoid: ubi-9-baseos-rpms
    size: 466434
    checksum: sha256:fc593dc18f73c296df4fa808341cb2dbee7e5082fb872b79e7984c3b24279d3b
    name: libibverbs
    evr: 54.0-1.el9
    sourcerpm: rdma-core-54.0-1.el9.src.rpm
  - url: https://cdn-ubi.redhat.com/content/public/ubi/dist/ubi9/9/x86_64/baseos/os/Packages/l/libnl3-3.11.0-1.el9.x86_64.rpm
    repoid: ubi-9-baseos-rpms
    size: 376137
    checksum: sha256:89728a253a5bf1c8e01c40573f1283d40188e003bdbd4ac565f8b0f05bced55c
    name: libnl3
    evr: 3.11.0-1.el9
    sourcerpm: libnl3-3.11.0-1.el9.src.rpm
  - url: https://cdn-ubi.redhat.com/content/public/ubi/dist/ubi9/9/x86_64/baseos/os/Packages/l/librdmacm-54.0-1.el9.x86_64.rpm
    repoid: ubi-9-baseos-rpms
    size: 75775
    checksum: sha256:334a6ff9a86cfed3af1dc2b08b840e74c9cd84b35a8d7bfd15a0db51ca8a0d30
    name: librdmacm
    evr: 54.0-1.el9
    sourcerpm: rdma-core-54.0-1.el9.src.rpm
  - url: https://developer.download.nvidia.com/compute/cuda/repos/rhel9/x86_64/cuda-compat-12-8-570.172.08-1.el9.x86_64.rpm
    repoid: cuda-rhel9-x86_64
    size: 41551977
    checksum: sha256:624921dbca19c6631d3edf2d4b0ebb06857704bf2cbaf4f65b5692e012f21af6
    name: cuda-compat-12-8
    evr: 3:570.172.08-1.el9
    sourcerpm: cuda-compat-570.172.08-1.el9.src.rpm
  - url: https://developer.download.nvidia.com/compute/cuda/repos/rhel9/x86_64/cuda-crt-12-8-12.8.61-1.x86_64.rpm
    repoid: cuda-rhel9-x86_64
    size: 120930
    checksum: sha256:f5cc007e0e0a2ae24220a158ba4212350e9de5ac6f28d9c438a027049f7392f7
    name: cuda-crt-12-8
    evr: 12.8.61-1
    sourcerpm: cuda-nvcc-12-8-12.8.61-1.src.rpm
  - url: https://developer.download.nvidia.com/compute/cuda/repos/rhel9/x86_64/cuda-cudart-12-8-12.8.57-1.x86_64.rpm
    repoid: cuda-rhel9-x86_64
    size: 237650
    checksum: sha256:50747916fd082321341a29f114a166e29cbe33eb9b1a575f5e319ef3eefbbc03
    name: cuda-cudart-12-8
    evr: 12.8.57-1
    sourcerpm: cuda-cudart-12-8-12.8.57-1.src.rpm
  - url: https://developer.download.nvidia.com/compute/cuda/repos/rhel9/x86_64/cuda-nvcc-12-8-12.8.61-1.x86_64.rpm
    repoid: cuda-rhel9-x86_64
    size: 113795317
    checksum: sha256:c4ecb88e4f06051cc5c9adeb6cfaf4df3a93d6c8183d4622223a98200bec431c
    name: cuda-nvcc-12-8
    evr: 12.8.61-1
    sourcerpm: cuda-nvcc-12-8-12.8.61-1.src.rpm
  - url: https://developer.download.nvidia.com/compute/cuda/repos/rhel9/x86_64/cuda-nvvm-12-8-12.8.61-1.x86_64.rpm
    repoid: cuda-rhel9-x86_64
    size: 61748517
    checksum: sha256:4b468bd3357131ba8fb3b5ec2ac752d5645cf99dc98152a63f431212b68434a0
    name: cuda-nvvm-12-8
    evr: 12.8.61-1
    sourcerpm: cuda-nvcc-12-8-12.8.61-1.src.rpm
  - url: https://developer.download.nvidia.com/compute/cuda/repos/rhel9/x86_64/cuda-toolkit-12-8-config-common-12.8.90-1.noarch.rpm
    repoid: cuda-rhel9-x86_64
    size: 7954
    checksum: sha256:80d7a35d74105ba2125e6bf7386cde92b6ee059c6a6ca2fbb857b833bdbbca52
    name: cuda-toolkit-12-8-config-common
    evr: 12.8.90-1
    sourcerpm: cuda-cudart-12-8-12.8.90-1.src.rpm
  - url: https://developer.download.nvidia.com/compute/cuda/repos/rhel9/x86_64/cuda-toolkit-12-config-common-12.9.79-1.noarch.rpm
    repoid: cuda-rhel9-x86_64
    size: 8161
    checksum: sha256:aedc33aa66c8ebc1591041b4892299189d5af2490b992c4c0ddd79dfc32f8445
    name: cuda-toolkit-12-config-common
    evr: 12.9.79-1
    sourcerpm: cuda-cudart-12-9-12.9.79-1.src.rpm
  - url: https://developer.download.nvidia.com/compute/cuda/repos/rhel9/x86_64/cuda-toolkit-config-common-13.0.88-1.noarch.rpm
    repoid: cuda-rhel9-x86_64
    size: 8148
    checksum: sha256:2f33dec2fb0453615314cfb920360b3b2552e057942b14ddfa795c7159186832
    name: cuda-toolkit-config-common
    evr: 13.0.88-1
    sourcerpm: cuda-cudart-13-0-13.0.88-1.src.rpm
  source: []
  module_metadata: []
