---
lockfileVersion: 1
lockfileVendor: redhat
arches:
- arch: aarch64
  packages:
  - url: https://cdn.redhat.com/content/eus/rhel9/9.8/aarch64/baseos/os/Packages/o/openssh-9.9p1-11.el9_8.aarch64.rpm
    repoid: rhel-9-for-aarch64-baseos-eus-rpms
    size: 432812
    checksum: sha256:d8bcf6348f5ee9d840e7f74eaaa53801cb9c48c1184c7254dd06aa73f597c690
    name: openssh
    evr: 9.9p1-11.el9_8
    sourcerpm: openssh-9.9p1-11.el9_8.src.rpm
  - url: https://cdn.redhat.com/content/eus/rhel9/9.8/aarch64/baseos/os/Packages/o/openssh-clients-9.9p1-11.el9_8.aarch64.rpm
    repoid: rhel-9-for-aarch64-baseos-eus-rpms
    size: 770368
    checksum: sha256:b5f49e9e5d66075859596aa71f62bc8cc951d50129dd43543b6aacd22386b1c1
    name: openssh-clients
    evr: 9.9p1-11.el9_8
    sourcerpm: openssh-9.9p1-11.el9_8.src.rpm
  - url: https://cdn.redhat.com/content/eus/rhel9/9.8/aarch64/baseos/os/Packages/o/openssh-server-9.9p1-11.el9_8.aarch64.rpm
    repoid: rhel-9-for-aarch64-baseos-eus-rpms
    size: 542083
    checksum: sha256:4151d665da5568a25fdd60b7a247135baaeafd858b7f4cd5626832f1b144481f
    name: openssh-server
    evr: 9.9p1-11.el9_8
    sourcerpm: openssh-9.9p1-11.el9_8.src.rpm
  source: []
  module_metadata: []
- arch: x86_64
  packages:
  - url: https://cdn.redhat.com/content/eus/rhel9/9.8/x86_64/baseos/os/Packages/o/openssh-9.9p1-11.el9_8.x86_64.rpm
    repoid: rhel-9-for-x86_64-baseos-eus-rpms
    size: 443050
    checksum: sha256:9fad2dc75044e577f03442e524b58223239eba14b12adbf8d14eeb82d22b596e
    name: openssh
    evr: 9.9p1-11.el9_8
    sourcerpm: openssh-9.9p1-11.el9_8.src.rpm
  - url: https://cdn.redhat.com/content/eus/rhel9/9.8/x86_64/baseos/os/Packages/o/openssh-clients-9.9p1-11.el9_8.x86_64.rpm
    repoid: rhel-9-for-x86_64-baseos-eus-rpms
    size: 799504
    checksum: sha256:445f8ef1a60229d575547695da0bf2a05fb51408bce01d06548a5273123c8877
    name: openssh-clients
    evr: 9.9p1-11.el9_8
    sourcerpm: openssh-9.9p1-11.el9_8.src.rpm
  - url: https://cdn.redhat.com/content/eus/rhel9/9.8/x86_64/baseos/os/Packages/o/openssh-server-9.9p1-11.el9_8.x86_64.rpm
    repoid: rhel-9-for-x86_64-baseos-eus-rpms
    size: 566794
    checksum: sha256:59251675df132b99d9fded4fde9d8e4ec7eceacb36229d90fd5c562ee6c04d7e
    name: openssh-server
    evr: 9.9p1-11.el9_8
    sourcerpm: openssh-9.9p1-11.el9_8.src.rpm
  source: []
  module_metadata: []
